
Microsoft Visual Studio Solution File, Format Version 12.00
# Visual Studio Version 17
VisualStudioVersion = 17.0.31903.59
MinimumVisualStudioVersion = 10.0.40219.1
Project("{2150E333-8FDC-42A3-9474-1A3956D46DE8}") = "Microservices", "Microservices", "{106370F5-6FE6-4746-8180-DB571BAD62CA}"
EndProject
Project("{2150E333-8FDC-42A3-9474-1A3956D46DE8}") = "Domain", "Domain", "{E906CC36-43B5-412B-9E5F-F07108BB218E}"
EndProject
Project("{2150E333-8FDC-42A3-9474-1A3956D46DE8}") = "Infra.Bus", "Infra.Bus", "{F06B1CEB-6E1B-41C2-A889-9C9EAAEA5363}"
EndProject
Project("{2150E333-8FDC-42A3-9474-1A3956D46DE8}") = "Infra.IoC", "Infra.IoC", "{A6018B12-B86C-4755-82A7-C9FD750D6381}"
EndProject
Project("{2150E333-8FDC-42A3-9474-1A3956D46DE8}") = "Presentation", "Presentation", "{0E89193D-3E66-4F3F-BC63-767F04889F90}"
EndProject
Project("{9A19103F-16F7-4668-BE54-9A1E7A4F7556}") = "PubliSub.Domain.Core", "src\PubliSub.Domain.Core\PubliSub.Domain.Core.csproj", "{793DA04C-8A9D-4107-B0E9-AAEFCEED8D18}"
EndProject
Project("{9A19103F-16F7-4668-BE54-9A1E7A4F7556}") = "PubliSub.Infra.Bus", "src\PubliSub.Infra.Bus\PubliSub.Infra.Bus.csproj", "{268013D1-A09D-4818-AEDE-39C4597BCBE6}"
EndProject
Project("{9A19103F-16F7-4668-BE54-9A1E7A4F7556}") = "PubliSub.Infra.IoC", "src\PubliSub.Infra.IoC\PubliSub.Infra.IoC.csproj", "{CCFA2E0D-4C54-4252-B7BF-21B5307E9ACE}"
EndProject
Project("{2150E333-8FDC-42A3-9474-1A3956D46DE8}") = "Banking", "Banking", "{E27F5AE1-C956-4DA4-AB25-C814804AB80D}"
EndProject
Project("{2150E333-8FDC-42A3-9474-1A3956D46DE8}") = "Api", "Api", "{90C25ABE-CA5F-4F2B-A683-0864C48FEFB3}"
EndProject
Project("{2150E333-8FDC-42A3-9474-1A3956D46DE8}") = "Domain", "Domain", "{0FA8F47C-F34F-41FC-A48B-F150B31EC86E}"
EndProject
Project("{2150E333-8FDC-42A3-9474-1A3956D46DE8}") = "Application", "Application", "{977105BA-A5AE-415A-AAC4-3CA4B206E204}"
EndProject
Project("{2150E333-8FDC-42A3-9474-1A3956D46DE8}") = "Data", "Data", "{45B704EF-5FE4-4510-899B-C5DB58D44DC5}"
EndProject
Project("{9A19103F-16F7-4668-BE54-9A1E7A4F7556}") = "PubliSub.Banking.Api", "src\PubliSub.Banking.Api\PubliSub.Banking.Api.csproj", "{D942C814-E330-4748-9802-E3D3D14CACB4}"
EndProject
Project("{9A19103F-16F7-4668-BE54-9A1E7A4F7556}") = "PubliSub.Banking.Application", "src\PubliSub.Banking.Application\PubliSub.Banking.Application.csproj", "{D523D5C3-986E-4880-BF5D-5A88932F2FB2}"
EndProject
Project("{9A19103F-16F7-4668-BE54-9A1E7A4F7556}") = "PubliSub.Banking.Data", "src\PubliSub.Banking.Data\PubliSub.Banking.Data.csproj", "{0655A639-8A98-4E47-AFFF-7DE2AB68645B}"
EndProject
Project("{9A19103F-16F7-4668-BE54-9A1E7A4F7556}") = "PubliSub.Banking.Domain", "src\PubliSub.Banking.Domain\PubliSub.Banking.Domain.csproj", "{1E40A51C-643E-46DB-8A19-79E78FC5FD3B}"
EndProject
Project("{2150E333-8FDC-42A3-9474-1A3956D46DE8}") = "Docker", "Docker", "{E00B26D8-8E10-4C07-836F-FD705CF760DB}"
	ProjectSection(SolutionItems) = preProject
		docker-compose.yaml = docker-compose.yaml
	EndProjectSection
EndProject
Project("{2150E333-8FDC-42A3-9474-1A3956D46DE8}") = "Transfer", "Transfer", "{7A234AE2-9EFA-486E-B334-449D4D3CEF2A}"
EndProject
Project("{2150E333-8FDC-42A3-9474-1A3956D46DE8}") = "Api", "Api", "{4C432BF6-E625-4D85-8B00-9DEE0FDD8B7D}"
EndProject
Project("{2150E333-8FDC-42A3-9474-1A3956D46DE8}") = "Application", "Application", "{7DF9ED83-3697-41C2-BA18-6A03D474392D}"
EndProject
Project("{2150E333-8FDC-42A3-9474-1A3956D46DE8}") = "Data", "Data", "{E2E9A245-BFDF-4DBE-9297-E66D7CA569B5}"
EndProject
Project("{2150E333-8FDC-42A3-9474-1A3956D46DE8}") = "Domain", "Domain", "{0015A74F-01A0-4BE8-AFFC-954D75300618}"
EndProject
Project("{9A19103F-16F7-4668-BE54-9A1E7A4F7556}") = "PubliSub.Transfer.Api", "src\PubliSub.Transfer.Api\PubliSub.Transfer.Api.csproj", "{4209F990-934E-491D-B7F6-FB0F28298347}"
EndProject
Project("{9A19103F-16F7-4668-BE54-9A1E7A4F7556}") = "PubliSub.Transfer.Application", "src\PubliSub.Transfer.Application\PubliSub.Transfer.Application.csproj", "{2385726F-781B-465E-8867-B333BC317CDD}"
EndProject
Project("{9A19103F-16F7-4668-BE54-9A1E7A4F7556}") = "PubliSub.Transfer.Data", "src\PubliSub.Transfer.Data\PubliSub.Transfer.Data.csproj", "{98111890-C2EA-4342-8A96-539CEB5DEB49}"
EndProject
Project("{9A19103F-16F7-4668-BE54-9A1E7A4F7556}") = "PubliSub.Transfer.Domain", "src\PubliSub.Transfer.Domain\PubliSub.Transfer.Domain.csproj", "{BD0F5547-C4F7-41B6-99D7-7B493B9F0C8B}"
EndProject
Project("{2150E333-8FDC-42A3-9474-1A3956D46DE8}") = "Tests", "Tests", "{B91C9BA6-ED17-44E9-8D01-B82E7FBA2BD9}"
EndProject
Project("{9A19103F-16F7-4668-BE54-9A1E7A4F7556}") = "PubliSub.Banking.Tests", "tests\PubliSub.Banking.Domain.Tests\PubliSub.Banking.Tests.csproj", "{9D8EB100-34F6-4F9A-AEF1-5A207B75CBC3}"
EndProject
Project("{2150E333-8FDC-42A3-9474-1A3956D46DE8}") = "Tests", "Tests", "{55B46C27-0206-4418-8410-DB29594CD2D2}"
EndProject
Project("{9A19103F-16F7-4668-BE54-9A1E7A4F7556}") = "PubliSub.Transfer.Tests", "tests\PubliSub.Transfer.Tests\PubliSub.Transfer.Tests.csproj", "{69AE8185-5C82-48C7-BD87-101014C459C5}"
EndProject
Global
	GlobalSection(SolutionConfigurationPlatforms) = preSolution
		Debug|Any CPU = Debug|Any CPU
		Release|Any CPU = Release|Any CPU
	EndGlobalSection
	GlobalSection(ProjectConfigurationPlatforms) = postSolution
		{793DA04C-8A9D-4107-B0E9-AAEFCEED8D18}.Debug|Any CPU.ActiveCfg = Debug|Any CPU
		{793DA04C-8A9D-4107-B0E9-AAEFCEED8D18}.Debug|Any CPU.Build.0 = Debug|Any CPU
		{793DA04C-8A9D-4107-B0E9-AAEFCEED8D18}.Release|Any CPU.ActiveCfg = Release|Any CPU
		{793DA04C-8A9D-4107-B0E9-AAEFCEED8D18}.Release|Any CPU.Build.0 = Release|Any CPU
		{268013D1-A09D-4818-AEDE-39C4597BCBE6}.Debug|Any CPU.ActiveCfg = Debug|Any CPU
		{268013D1-A09D-4818-AEDE-39C4597BCBE6}.Debug|Any CPU.Build.0 = Debug|Any CPU
		{268013D1-A09D-4818-AEDE-39C4597BCBE6}.Release|Any CPU.ActiveCfg = Release|Any CPU
		{268013D1-A09D-4818-AEDE-39C4597BCBE6}.Release|Any CPU.Build.0 = Release|Any CPU
		{CCFA2E0D-4C54-4252-B7BF-21B5307E9ACE}.Debug|Any CPU.ActiveCfg = Debug|Any CPU
		{CCFA2E0D-4C54-4252-B7BF-21B5307E9ACE}.Debug|Any CPU.Build.0 = Debug|Any CPU
		{CCFA2E0D-4C54-4252-B7BF-21B5307E9ACE}.Release|Any CPU.ActiveCfg = Release|Any CPU
		{CCFA2E0D-4C54-4252-B7BF-21B5307E9ACE}.Release|Any CPU.Build.0 = Release|Any CPU
		{D942C814-E330-4748-9802-E3D3D14CACB4}.Debug|Any CPU.ActiveCfg = Debug|Any CPU
		{D942C814-E330-4748-9802-E3D3D14CACB4}.Debug|Any CPU.Build.0 = Debug|Any CPU
		{D942C814-E330-4748-9802-E3D3D14CACB4}.Release|Any CPU.ActiveCfg = Release|Any CPU
		{D942C814-E330-4748-9802-E3D3D14CACB4}.Release|Any CPU.Build.0 = Release|Any CPU
		{D523D5C3-986E-4880-BF5D-5A88932F2FB2}.Debug|Any CPU.ActiveCfg = Debug|Any CPU
		{D523D5C3-986E-4880-BF5D-5A88932F2FB2}.Debug|Any CPU.Build.0 = Debug|Any CPU
		{D523D5C3-986E-4880-BF5D-5A88932F2FB2}.Release|Any CPU.ActiveCfg = Release|Any CPU
		{D523D5C3-986E-4880-BF5D-5A88932F2FB2}.Release|Any CPU.Build.0 = Release|Any CPU
		{0655A639-8A98-4E47-AFFF-7DE2AB68645B}.Debug|Any CPU.ActiveCfg = Debug|Any CPU
		{0655A639-8A98-4E47-AFFF-7DE2AB68645B}.Debug|Any CPU.Build.0 = Debug|Any CPU
		{0655A639-8A98-4E47-AFFF-7DE2AB68645B}.Release|Any CPU.ActiveCfg = Release|Any CPU
		{0655A639-8A98-4E47-AFFF-7DE2AB68645B}.Release|Any CPU.Build.0 = Release|Any CPU
		{1E40A51C-643E-46DB-8A19-79E78FC5FD3B}.Debug|Any CPU.ActiveCfg = Debug|Any CPU
		{1E40A51C-643E-46DB-8A19-79E78FC5FD3B}.Debug|Any CPU.Build.0 = Debug|Any CPU
		{1E40A51C-643E-46DB-8A19-79E78FC5FD3B}.Release|Any CPU.ActiveCfg = Release|Any CPU
		{1E40A51C-643E-46DB-8A19-79E78FC5FD3B}.Release|Any CPU.Build.0 = Release|Any CPU
		{4209F990-934E-491D-B7F6-FB0F28298347}.Debug|Any CPU.ActiveCfg = Debug|Any CPU
		{4209F990-934E-491D-B7F6-FB0F28298347}.Debug|Any CPU.Build.0 = Debug|Any CPU
		{4209F990-934E-491D-B7F6-FB0F28298347}.Release|Any CPU.ActiveCfg = Release|Any CPU
		{4209F990-934E-491D-B7F6-FB0F28298347}.Release|Any CPU.Build.0 = Release|Any CPU
		{2385726F-781B-465E-8867-B333BC317CDD}.Debug|Any CPU.ActiveCfg = Debug|Any CPU
		{2385726F-781B-465E-8867-B333BC317CDD}.Debug|Any CPU.Build.0 = Debug|Any CPU
		{2385726F-781B-465E-8867-B333BC317CDD}.Release|Any CPU.ActiveCfg = Release|Any CPU
		{2385726F-781B-465E-8867-B333BC317CDD}.Release|Any CPU.Build.0 = Release|Any CPU
		{98111890-C2EA-4342-8A96-539CEB5DEB49}.Debug|Any CPU.ActiveCfg = Debug|Any CPU
		{98111890-C2EA-4342-8A96-539CEB5DEB49}.Debug|Any CPU.Build.0 = Debug|Any CPU
		{98111890-C2EA-4342-8A96-539CEB5DEB49}.Release|Any CPU.ActiveCfg = Release|Any CPU
		{98111890-C2EA-4342-8A96-539CEB5DEB49}.Release|Any CPU.Build.0 = Release|Any CPU
		{BD0F5547-C4F7-41B6-99D7-7B493B9F0C8B}.Debug|Any CPU.ActiveCfg = Debug|Any CPU
		{BD0F5547-C4F7-41B6-99D7-7B493B9F0C8B}.Debug|Any CPU.Build.0 = Debug|Any CPU
		{BD0F5547-C4F7-41B6-99D7-7B493B9F0C8B}.Release|Any CPU.ActiveCfg = Release|Any CPU
		{BD0F5547-C4F7-41B6-99D7-7B493B9F0C8B}.Release|Any CPU.Build.0 = Release|Any CPU
		{9D8EB100-34F6-4F9A-AEF1-5A207B75CBC3}.Debug|Any CPU.ActiveCfg = Debug|Any CPU
		{9D8EB100-34F6-4F9A-AEF1-5A207B75CBC3}.Debug|Any CPU.Build.0 = Debug|Any CPU
		{9D8EB100-34F6-4F9A-AEF1-5A207B75CBC3}.Release|Any CPU.ActiveCfg = Release|Any CPU
		{9D8EB100-34F6-4F9A-AEF1-5A207B75CBC3}.Release|Any CPU.Build.0 = Release|Any CPU
		{69AE8185-5C82-48C7-BD87-101014C459C5}.Debug|Any CPU.ActiveCfg = Debug|Any CPU
		{69AE8185-5C82-48C7-BD87-101014C459C5}.Debug|Any CPU.Build.0 = Debug|Any CPU
		{69AE8185-5C82-48C7-BD87-101014C459C5}.Release|Any CPU.ActiveCfg = Release|Any CPU
		{69AE8185-5C82-48C7-BD87-101014C459C5}.Release|Any CPU.Build.0 = Release|Any CPU
	EndGlobalSection
	GlobalSection(SolutionProperties) = preSolution
		HideSolutionNode = FALSE
	EndGlobalSection
	GlobalSection(NestedProjects) = preSolution
		{793DA04C-8A9D-4107-B0E9-AAEFCEED8D18} = {E906CC36-43B5-412B-9E5F-F07108BB218E}
		{268013D1-A09D-4818-AEDE-39C4597BCBE6} = {F06B1CEB-6E1B-41C2-A889-9C9EAAEA5363}
		{CCFA2E0D-4C54-4252-B7BF-21B5307E9ACE} = {A6018B12-B86C-4755-82A7-C9FD750D6381}
		{E27F5AE1-C956-4DA4-AB25-C814804AB80D} = {106370F5-6FE6-4746-8180-DB571BAD62CA}
		{90C25ABE-CA5F-4F2B-A683-0864C48FEFB3} = {E27F5AE1-C956-4DA4-AB25-C814804AB80D}
		{0FA8F47C-F34F-41FC-A48B-F150B31EC86E} = {E27F5AE1-C956-4DA4-AB25-C814804AB80D}
		{977105BA-A5AE-415A-AAC4-3CA4B206E204} = {E27F5AE1-C956-4DA4-AB25-C814804AB80D}
		{45B704EF-5FE4-4510-899B-C5DB58D44DC5} = {E27F5AE1-C956-4DA4-AB25-C814804AB80D}
		{D942C814-E330-4748-9802-E3D3D14CACB4} = {90C25ABE-CA5F-4F2B-A683-0864C48FEFB3}
		{D523D5C3-986E-4880-BF5D-5A88932F2FB2} = {977105BA-A5AE-415A-AAC4-3CA4B206E204}
		{0655A639-8A98-4E47-AFFF-7DE2AB68645B} = {45B704EF-5FE4-4510-899B-C5DB58D44DC5}
		{1E40A51C-643E-46DB-8A19-79E78FC5FD3B} = {0FA8F47C-F34F-41FC-A48B-F150B31EC86E}
		{7A234AE2-9EFA-486E-B334-449D4D3CEF2A} = {106370F5-6FE6-4746-8180-DB571BAD62CA}
		{4C432BF6-E625-4D85-8B00-9DEE0FDD8B7D} = {7A234AE2-9EFA-486E-B334-449D4D3CEF2A}
		{7DF9ED83-3697-41C2-BA18-6A03D474392D} = {7A234AE2-9EFA-486E-B334-449D4D3CEF2A}
		{E2E9A245-BFDF-4DBE-9297-E66D7CA569B5} = {7A234AE2-9EFA-486E-B334-449D4D3CEF2A}
		{0015A74F-01A0-4BE8-AFFC-954D75300618} = {7A234AE2-9EFA-486E-B334-449D4D3CEF2A}
		{4209F990-934E-491D-B7F6-FB0F28298347} = {4C432BF6-E625-4D85-8B00-9DEE0FDD8B7D}
		{2385726F-781B-465E-8867-B333BC317CDD} = {7DF9ED83-3697-41C2-BA18-6A03D474392D}
		{98111890-C2EA-4342-8A96-539CEB5DEB49} = {E2E9A245-BFDF-4DBE-9297-E66D7CA569B5}
		{BD0F5547-C4F7-41B6-99D7-7B493B9F0C8B} = {0015A74F-01A0-4BE8-AFFC-954D75300618}
		{B91C9BA6-ED17-44E9-8D01-B82E7FBA2BD9} = {E27F5AE1-C956-4DA4-AB25-C814804AB80D}
		{9D8EB100-34F6-4F9A-AEF1-5A207B75CBC3} = {B91C9BA6-ED17-44E9-8D01-B82E7FBA2BD9}
		{55B46C27-0206-4418-8410-DB29594CD2D2} = {7A234AE2-9EFA-486E-B334-449D4D3CEF2A}
		{69AE8185-5C82-48C7-BD87-101014C459C5} = {55B46C27-0206-4418-8410-DB29594CD2D2}
	EndGlobalSection
	GlobalSection(ExtensibilityGlobals) = postSolution
		SolutionGuid = {14851ED7-95B9-4DE4-8246-FC4F28782920}
	EndGlobalSection
EndGlobal
